
Microsoft Visual Studio Solution File, Format Version 12.00
# Visual Studio Version 16
VisualStudioVersion = 16.0.31205.134
MinimumVisualStudioVersion = 10.0.40219.1
Project("{FAE04EC0-301F-11D3-BF4B-00C04F79EFBC}") = "ticketP", "ticketP\ticketP.csproj", "{C2588F22-00C9-4FE6-90A3-3132533F58AF}"
EndProject
Global
	GlobalSection(SolutionConfigurationPlatforms) = preSolution
		Debug|Any CPU = Debug|Any CPU
		Release|Any CPU = Release|Any CPU
	EndGlobalSection
	GlobalSection(ProjectConfigurationPlatforms) = postSolution
		{C2588F22-00C9-4FE6-90A3-3132533F58AF}.Debug|Any CPU.ActiveCfg = Debug|Any CPU
		{C2588F22-00C9-4FE6-90A3-3132533F58AF}.Debug|Any CPU.Build.0 = Debug|Any CPU
		{C2588F22-00C9-4FE6-90A3-3132533F58AF}.Release|Any CPU.ActiveCfg = Release|Any CPU
		{C2588F22-00C9-4FE6-90A3-3132533F58AF}.Release|Any CPU.Build.0 = Release|Any CPU
	EndGlobalSection
	GlobalSection(SolutionProperties) = preSolution
		HideSolutionNode = FALSE
	EndGlobalSection
	GlobalSection(ExtensibilityGlobals) = postSolution
		SolutionGuid = {1C7F9406-CDFA-480E-B011-46CF1FEEA1F3}
	EndGlobalSection
EndGlobal
